{
    "psr/event-dispatcher": {
        "version": "1.0.0"
    },
    "symfony/amqp-messenger": {
        "version": "v5.4.0"
    },
    "symfony/doctrine-messenger": {
        "version": "v5.4.0"
    },
    "symfony/password-hasher": {
        "version": "v5.4.0"
    },
    "symfony/redis-messenger": {
        "version": "v5.4.0"
    }
}
